
Microsoft Visual Studio Solution File, Format Version 12.00
# Visual Studio 15
VisualStudioVersion = 15.0.27428.2002
MinimumVisualStudioVersion = 10.0.40219.1
Project("{930C7802-8A8C-48F9-8165-68863BCCD9DD}") = "HelloWixMulti", "HelloWixMulti\HelloWixMulti.wixproj", "{603EBFC8-E38E-4071-860D-CC2757E5E014}"
EndProject
Global
	GlobalSection(SolutionConfigurationPlatforms) = preSolution
		Debug|x86 = Debug|x86
		Release|x86 = Release|x86
	EndGlobalSection
	GlobalSection(ProjectConfigurationPlatforms) = postSolution
		{603EBFC8-E38E-4071-860D-CC2757E5E014}.Debug|x86.ActiveCfg = Debug|x86
		{603EBFC8-E38E-4071-860D-CC2757E5E014}.Debug|x86.Build.0 = Debug|x86
		{603EBFC8-E38E-4071-860D-CC2757E5E014}.Release|x86.ActiveCfg = Release|x86
		{603EBFC8-E38E-4071-860D-CC2757E5E014}.Release|x86.Build.0 = Release|x86
	EndGlobalSection
	GlobalSection(SolutionProperties) = preSolution
		HideSolutionNode = FALSE
	EndGlobalSection
	GlobalSection(ExtensibilityGlobals) = postSolution
		SolutionGuid = {82294089-7C7D-41C7-B1A2-9C7D96436947}
	EndGlobalSection
EndGlobal
