
Microsoft Visual Studio Solution File, Format Version 12.00
# Visual Studio 15
VisualStudioVersion = 15.0.27428.2002
MinimumVisualStudioVersion = 10.0.40219.1
Project("{FAE04EC0-301F-11D3-BF4B-00C04F79EFBC}") = "GetGuid", "GetGuid\GetGuid.csproj", "{714291E1-311E-4515-9664-B1B0642148FD}"
EndProject
Project("{930C7802-8A8C-48F9-8165-68863BCCD9DD}") = "GetGuidInstaller", "GetGuidInstaller\GetGuidInstaller.wixproj", "{CFFBC791-80A6-4C39-B278-DAB69098A214}"
EndProject
Global
	GlobalSection(SolutionConfigurationPlatforms) = preSolution
		Debug|Any CPU = Debug|Any CPU
		Debug|x86 = Debug|x86
		Release|Any CPU = Release|Any CPU
		Release|x86 = Release|x86
	EndGlobalSection
	GlobalSection(ProjectConfigurationPlatforms) = postSolution
		{714291E1-311E-4515-9664-B1B0642148FD}.Debug|Any CPU.ActiveCfg = Debug|Any CPU
		{714291E1-311E-4515-9664-B1B0642148FD}.Debug|Any CPU.Build.0 = Debug|Any CPU
		{714291E1-311E-4515-9664-B1B0642148FD}.Debug|x86.ActiveCfg = Debug|Any CPU
		{714291E1-311E-4515-9664-B1B0642148FD}.Debug|x86.Build.0 = Debug|Any CPU
		{714291E1-311E-4515-9664-B1B0642148FD}.Release|Any CPU.ActiveCfg = Release|Any CPU
		{714291E1-311E-4515-9664-B1B0642148FD}.Release|Any CPU.Build.0 = Release|Any CPU
		{714291E1-311E-4515-9664-B1B0642148FD}.Release|x86.ActiveCfg = Release|Any CPU
		{714291E1-311E-4515-9664-B1B0642148FD}.Release|x86.Build.0 = Release|Any CPU
		{CFFBC791-80A6-4C39-B278-DAB69098A214}.Debug|Any CPU.ActiveCfg = Debug|x86
		{CFFBC791-80A6-4C39-B278-DAB69098A214}.Debug|Any CPU.Build.0 = Debug|x86
		{CFFBC791-80A6-4C39-B278-DAB69098A214}.Debug|x86.ActiveCfg = Debug|x86
		{CFFBC791-80A6-4C39-B278-DAB69098A214}.Debug|x86.Build.0 = Debug|x86
		{CFFBC791-80A6-4C39-B278-DAB69098A214}.Release|Any CPU.ActiveCfg = Release|x86
		{CFFBC791-80A6-4C39-B278-DAB69098A214}.Release|x86.ActiveCfg = Release|x86
		{CFFBC791-80A6-4C39-B278-DAB69098A214}.Release|x86.Build.0 = Release|x86
	EndGlobalSection
	GlobalSection(SolutionProperties) = preSolution
		HideSolutionNode = FALSE
	EndGlobalSection
	GlobalSection(ExtensibilityGlobals) = postSolution
		SolutionGuid = {F08F8683-8CE6-48B3-836A-8646AD21408C}
	EndGlobalSection
EndGlobal
